{
  "version": 4,
  "terraform_version": "1.2.5",
  "serial": 20,
  "lineage": "ddf4b3bc-d631-f98c-1ab2-7c9143b4477e",
  "outputs": {},
  "resources": [
    {
      "module": "module.cluster",
      "mode": "managed",
      "type": "google_container_cluster",
      "name": "cluster",
      "provider": "provider[\"registry.terraform.io/hashicorp/google\"]",
      "instances": [
        {
          "schema_version": 1,
          "attributes": {
            "addons_config": [
              {
                "cloudrun_config": [],
                "dns_cache_config": [],
                "gce_persistent_disk_csi_driver_config": [
                  {
                    "enabled": true
                  }
                ],
                "gcp_filestore_csi_driver_config": [],
                "horizontal_pod_autoscaling": [],
                "http_load_balancing": [],
                "network_policy_config": [
                  {
                    "disabled": false
                  }
                ]
              }
            ],
            "authenticator_groups_config": [],
            "binary_authorization": [
              {
                "enabled": false,
                "evaluation_mode": ""
              }
            ],
            "cluster_autoscaling": [
              {
                "auto_provisioning_defaults": [],
                "enabled": false,
                "resource_limits": []
              }
            ],
            "cluster_ipv4_cidr": "10.41.0.0/16",
            "confidential_nodes": [],
            "database_encryption": [
              {
                "key_name": "",
                "state": "DECRYPTED"
              }
            ],
            "datapath_provider": "",
            "default_max_pods_per_node": 110,
            "default_snat_status": [
              {
                "disabled": false
              }
            ],
            "description": "",
            "dns_config": [],
            "enable_autopilot": false,
            "enable_binary_authorization": false,
            "enable_intranode_visibility": false,
            "enable_kubernetes_alpha": false,
            "enable_legacy_abac": false,
            "enable_shielded_nodes": false,
            "enable_tpu": false,
            "endpoint": "34.133.223.124",
            "id": "projects/leafy-loader-357302/locations/us-central1/clusters/gke-example",
            "initial_node_count": 1,
            "ip_allocation_policy": [
              {
                "cluster_ipv4_cidr_block": "10.41.0.0/16",
                "cluster_secondary_range_name": "gke-pods-1",
                "services_ipv4_cidr_block": "10.42.0.0/16",
                "services_secondary_range_name": "gke-services-1"
              }
            ],
            "label_fingerprint": "63602845",
            "location": "us-central1",
            "logging_config": [
              {
                "enable_components": [
                  "SYSTEM_COMPONENTS",
                  "WORKLOADS"
                ]
              }
            ],
            "logging_service": "logging.googleapis.com/kubernetes",
            "maintenance_policy": [
              {
                "daily_maintenance_window": [
                  {
                    "duration": "PT4H0M0S",
                    "start_time": "06:00"
                  }
                ],
                "maintenance_exclusion": [],
                "recurring_window": []
              }
            ],
            "master_auth": [
              {
                "client_certificate": "",
                "client_certificate_config": [
                  {
                    "issue_client_certificate": false
                  }
                ],
                "client_key": "",
                "cluster_ca_certificate": "LS0tLS1CRUdJTiBDRVJUSUZJQ0FURS0tLS0tCk1JSUVMRENDQXBTZ0F3SUJBZ0lRSkdKdm8xcUxXN0szMkdnd0EzSE5sekFOQmdrcWhraUc5dzBCQVFzRkFEQXYKTVMwd0t3WURWUVFERXlSbFlUY3pNV1U1WWkweU1UQXlMVFEyTW1FdE9EZ3hPUzA1WTJZd04yRXlaV1ZpTURJdwpJQmNOTWpJd09URTFNakkxTlRFeVdoZ1BNakExTWpBNU1EY3lNelUxTVRKYU1DOHhMVEFyQmdOVkJBTVRKR1ZoCk56TXhaVGxpTFRJeE1ESXRORFl5WVMwNE9ERTVMVGxqWmpBM1lUSmxaV0l3TWpDQ0FhSXdEUVlKS29aSWh2Y04KQVFFQkJRQURnZ0dQQURDQ0FZb0NnZ0dCQUxTZjYrNHYrYTAyRnVLK092NFNQaGVjOUpCZUJCL2NBU3BoVG9TTApNVnB3SGVzOWxvUDBtM2xlMVFHc3I5b2l5N3p4emZEOEw5OUZJeElNcko3WCtrQ0VRL3FDelY3STlPRGFwL2xZClhqQmtoQjUzZTBSSndMdm15MDVSN0xaZE5wcVZyTFY2T1hqMTgrc0FrcnJRSWRYVUp1VWVmOTRJYVNuVVZKYnAKQUNNM3dIdnRaZXZhNGxDS1dDdm95RVA5am5scjlINFgxQ2JFT25LK0VBVXNqckFaU2N3cmE4S3BKdmp3QmlmNQpNalVodFRhQjdrdXJlYXRYM3dYOXpjOWpocHJnL2xad3NKOU91QjNOZVp0VG13Z09GdlR6ZU9RbThSdjVNQXpxCk84b0Z6OS9Qc0NOK00xTERDU1pXWDRuRnBqV1grNHJsY2NOSmdOWkFhK2lwM1hscEtIRlR3RGdEclJNZldzeDEKc1E4emRVWjZDMFdyOG1LUUROR1pIaHc1T1pBak1jZ1VBM3pMQVZtVFdpUk1IVklZK2tXdGo5ZE1UVDFQQy9ZMgpVZG1NUDMyK1h2NDl3TVNLRThUSGpWc3doak91d2pGcWl3cnEveUh3MWl6V1hnbkFTNjRYemErbkpIKzQydVBpCnR6dnJ6QVpPOENNV1Z6cTQwb3BWaWhBSjNRSURBUUFCbzBJd1FEQU9CZ05WSFE4QkFmOEVCQU1DQWdRd0R3WUQKVlIwVEFRSC9CQVV3QXdFQi96QWRCZ05WSFE0RUZnUVVSeGhSSWdpdUFuUUt2UUVBOS9DTlJvOXJHc0l3RFFZSgpLb1pJaHZjTkFRRUxCUUFEZ2dHQkFFSjQ5bHNpRjNJZWUvbXh6Q1duaWhXd1pwVUJHZUNUaVZ0aHF1OFRYZjgzClFzMVk1T1hHZ3JpTGh3RFBnSXlnNGM5RitkZHJHT01SSUgwL0ZvZkVUTVZncmNjbm1aa1owbE85eTh1SGZwZnAKbkxRRjNGWGE4S1hINlZWYk1SbURNcS9aaHRqYkNpa05WMG9lQS9ITW41azcyM2NyVFVZQURqU3J4WG51RDBGQgpDREU0VzRDdXNTaUE1MkJSRERrdlZXUlRxWGYrNnhvL0RUVWNJN2M0TFNyWDZrdnBuTVdXa0wwOVFtWStESW8xCjJzRjJiRGpab1BTaEhkVG41TmdGT0h2VzZYd3gzWGxXVVo5RVVXYnMzTFlHaGRWQ2JjblhxZHpKRGgwTEpXbEEKZGNoclhzY3JTdGhtY0krN2JGdHV3U3dzbFp1ZDc2S21PaGZNeDZtbTBGdlRpY1hzZDZjL29TUjZUZ2UvcFBqcgpJb1VlRkRrM3p0THd2RUtVUUpQaC9ZVXE3aTlUVjF5MTcvVkM4NkJhbmo0a3ZTeTlWSHJFenRZSzgvZDBPeGg3CkIxTDNHUytzYUFudW13WkNUTFhPUStGYnZRMTNwenMrSUxpVmY4aHhpTmpQaDBLMmhZRWdhOFNXbmlUTFhCNVoKTzR2MzJOQVpQZUxPM1lFc0dBM3p0UT09Ci0tLS0tRU5EIENFUlRJRklDQVRFLS0tLS0K"
              }
            ],
            "master_authorized_networks_config": [
              {
                "cidr_blocks": [
                  {
                    "cidr_block": "0.0.0.0/0",
                    "display_name": "everywhere"
                  }
                ]
              }
            ],
            "master_version": "1.22.12-gke.300",
            "mesh_certificates": [],
            "min_master_version": "1.22.12-gke.300",
            "monitoring_config": [
              {
                "enable_components": [
                  "SYSTEM_COMPONENTS"
                ]
              }
            ],
            "monitoring_service": "monitoring.googleapis.com/kubernetes",
            "name": "gke-example",
            "network": "projects/leafy-loader-357302/global/networks/kube",
            "network_policy": [
              {
                "enabled": true,
                "provider": ""
              }
            ],
            "networking_mode": "VPC_NATIVE",
            "node_config": [],
            "node_locations": [
              "us-central1-a",
              "us-central1-b",
              "us-central1-c"
            ],
            "node_pool": [],
            "node_version": "1.22.12-gke.300",
            "notification_config": [
              {
                "pubsub": [
                  {
                    "enabled": false,
                    "topic": ""
                  }
                ]
              }
            ],
            "operation": null,
            "private_cluster_config": [],
            "private_ipv6_google_access": "",
            "project": "leafy-loader-357302",
            "release_channel": [
              {
                "channel": "UNSPECIFIED"
              }
            ],
            "remove_default_node_pool": true,
            "resource_labels": {
              "kubernetescluster": "gke-example"
            },
            "resource_usage_export_config": [],
            "self_link": "https://container.googleapis.com/v1/projects/leafy-loader-357302/locations/us-central1/clusters/gke-example",
            "service_external_ips_config": [
              {
                "enabled": false
              }
            ],
            "services_ipv4_cidr": "10.42.0.0/16",
            "subnetwork": "projects/leafy-loader-357302/regions/us-central1/subnetworks/kube-subnet",
            "timeouts": null,
            "tpu_ipv4_cidr_block": "",
            "vertical_pod_autoscaling": [
              {
                "enabled": false
              }
            ],
            "workload_identity_config": []
          },
          "sensitive_attributes": [],
          "private": "eyJlMmJmYjczMC1lY2FhLTExZTYtOGY4OC0zNDM2M2JjN2M0YzAiOnsiY3JlYXRlIjoyNDAwMDAwMDAwMDAwLCJkZWxldGUiOjI0MDAwMDAwMDAwMDAsInJlYWQiOjI0MDAwMDAwMDAwMDAsInVwZGF0ZSI6MzYwMDAwMDAwMDAwMH0sInNjaGVtYV92ZXJzaW9uIjoiMSJ9",
          "create_before_destroy": true
        }
      ]
    },
    {
      "module": "module.network",
      "mode": "managed",
      "type": "google_compute_network",
      "name": "network",
      "provider": "provider[\"registry.terraform.io/hashicorp/google\"]",
      "instances": [
        {
          "schema_version": 0,
          "attributes": {
            "auto_create_subnetworks": false,
            "delete_default_routes_on_create": false,
            "description": "",
            "enable_ula_internal_ipv6": false,
            "gateway_ipv4": "",
            "id": "projects/leafy-loader-357302/global/networks/kube",
            "internal_ipv6_range": "",
            "mtu": 0,
            "name": "kube",
            "project": "leafy-loader-357302",
            "routing_mode": "GLOBAL",
            "self_link": "https://www.googleapis.com/compute/v1/projects/leafy-loader-357302/global/networks/kube",
            "timeouts": null
          },
          "sensitive_attributes": [],
          "private": "eyJlMmJmYjczMC1lY2FhLTExZTYtOGY4OC0zNDM2M2JjN2M0YzAiOnsiY3JlYXRlIjoxMjAwMDAwMDAwMDAwLCJkZWxldGUiOjEyMDAwMDAwMDAwMDAsInVwZGF0ZSI6MTIwMDAwMDAwMDAwMH19"
        }
      ]
    },
    {
      "module": "module.network",
      "mode": "managed",
      "type": "google_compute_subnetwork",
      "name": "subnetwork",
      "provider": "provider[\"registry.terraform.io/hashicorp/google\"]",
      "instances": [
        {
          "schema_version": 0,
          "attributes": {
            "creation_timestamp": "2022-09-13T23:21:48.334-07:00",
            "description": "",
            "external_ipv6_prefix": "",
            "fingerprint": null,
            "gateway_address": "10.40.0.1",
            "id": "projects/leafy-loader-357302/regions/us-central1/subnetworks/kube-subnet",
            "ip_cidr_range": "10.40.0.0/16",
            "ipv6_access_type": "",
            "ipv6_cidr_range": "",
            "log_config": [],
            "name": "kube-subnet",
            "network": "https://www.googleapis.com/compute/v1/projects/leafy-loader-357302/global/networks/kube",
            "private_ip_google_access": true,
            "private_ipv6_google_access": "DISABLE_GOOGLE_ACCESS",
            "project": "leafy-loader-357302",
            "purpose": "PRIVATE",
            "region": "us-central1",
            "role": "",
            "secondary_ip_range": [
              {
                "ip_cidr_range": "10.41.0.0/16",
                "range_name": "gke-pods-1"
              },
              {
                "ip_cidr_range": "10.42.0.0/16",
                "range_name": "gke-services-1"
              }
            ],
            "self_link": "https://www.googleapis.com/compute/v1/projects/leafy-loader-357302/regions/us-central1/subnetworks/kube-subnet",
            "stack_type": "IPV4_ONLY",
            "timeouts": null
          },
          "sensitive_attributes": [],
          "private": "eyJlMmJmYjczMC1lY2FhLTExZTYtOGY4OC0zNDM2M2JjN2M0YzAiOnsiY3JlYXRlIjoxMjAwMDAwMDAwMDAwLCJkZWxldGUiOjEyMDAwMDAwMDAwMDAsInVwZGF0ZSI6MTIwMDAwMDAwMDAwMH19",
          "dependencies": [
            "module.network.google_compute_network.network"
          ]
        }
      ]
    },
    {
      "module": "module.node_pool",
      "mode": "managed",
      "type": "google_container_node_pool",
      "name": "node_pool",
      "provider": "provider[\"registry.terraform.io/hashicorp/google\"]",
      "instances": [
        {
          "schema_version": 1,
          "attributes": {
            "autoscaling": [
              {
                "location_policy": "",
                "max_node_count": 2,
                "min_node_count": 1,
                "total_max_node_count": 0,
                "total_min_node_count": 0
              }
            ],
            "cluster": "gke-example",
            "id": "projects/leafy-loader-357302/locations/us-central1/clusters/gke-example/nodePools/gke-example-node-pool-a68f",
            "initial_node_count": 1,
            "instance_group_urls": [
              "https://www.googleapis.com/compute/v1/projects/leafy-loader-357302/zones/us-central1-c/instanceGroupManagers/gke-gke-example-gke-example-node-pool-cd8ab3f7-grp",
              "https://www.googleapis.com/compute/v1/projects/leafy-loader-357302/zones/us-central1-b/instanceGroupManagers/gke-gke-example-gke-example-node-pool-29b40527-grp",
              "https://www.googleapis.com/compute/v1/projects/leafy-loader-357302/zones/us-central1-a/instanceGroupManagers/gke-gke-example-gke-example-node-pool-48fb4b2c-grp"
            ],
            "location": "us-central1",
            "managed_instance_group_urls": [
              "https://www.googleapis.com/compute/v1/projects/leafy-loader-357302/zones/us-central1-c/instanceGroups/gke-gke-example-gke-example-node-pool-cd8ab3f7-grp",
              "https://www.googleapis.com/compute/v1/projects/leafy-loader-357302/zones/us-central1-b/instanceGroups/gke-gke-example-gke-example-node-pool-29b40527-grp",
              "https://www.googleapis.com/compute/v1/projects/leafy-loader-357302/zones/us-central1-a/instanceGroups/gke-gke-example-gke-example-node-pool-48fb4b2c-grp"
            ],
            "management": [
              {
                "auto_repair": true,
                "auto_upgrade": false
              }
            ],
            "max_pods_per_node": 110,
            "name": "gke-example-node-pool-a68f",
            "name_prefix": "",
            "node_config": [
              {
                "boot_disk_kms_key": "",
                "disk_size_gb": 100,
                "disk_type": "pd-standard",
                "gcfs_config": [],
                "guest_accelerator": [],
                "gvnic": [],
                "image_type": "COS",
                "labels": {},
                "local_ssd_count": 0,
                "machine_type": "n1-standard-4",
                "metadata": {
                  "disable-legacy-endpoints": "true"
                },
                "min_cpu_platform": "",
                "node_group": "",
                "oauth_scopes": [
                  "https://www.googleapis.com/auth/compute",
                  "https://www.googleapis.com/auth/devstorage.read_only",
                  "https://www.googleapis.com/auth/logging.write",
                  "https://www.googleapis.com/auth/monitoring"
                ],
                "preemptible": false,
                "reservation_affinity": [],
                "service_account": "default",
                "shielded_instance_config": [
                  {
                    "enable_integrity_monitoring": true,
                    "enable_secure_boot": false
                  }
                ],
                "spot": false,
                "tags": [],
                "taint": [],
                "workload_metadata_config": []
              }
            ],
            "node_count": 1,
            "node_locations": [
              "us-central1-a",
              "us-central1-b",
              "us-central1-c"
            ],
            "operation": null,
            "project": "leafy-loader-357302",
            "timeouts": null,
            "upgrade_settings": [
              {
                "max_surge": 1,
                "max_unavailable": 0
              }
            ],
            "version": "1.22.12-gke.300"
          },
          "sensitive_attributes": [],
          "private": "eyJlMmJmYjczMC1lY2FhLTExZTYtOGY4OC0zNDM2M2JjN2M0YzAiOnsiY3JlYXRlIjoxODAwMDAwMDAwMDAwLCJkZWxldGUiOjE4MDAwMDAwMDAwMDAsInVwZGF0ZSI6MTgwMDAwMDAwMDAwMH0sInNjaGVtYV92ZXJzaW9uIjoiMSJ9",
          "dependencies": [
            "module.cluster.google_container_cluster.cluster",
            "module.node_pool.random_id.entropy"
          ],
          "create_before_destroy": true
        }
      ]
    },
    {
      "module": "module.node_pool",
      "mode": "managed",
      "type": "random_id",
      "name": "entropy",
      "provider": "provider[\"registry.terraform.io/hashicorp/random\"]",
      "instances": [
        {
          "schema_version": 0,
          "attributes": {
            "b64_std": "po8=",
            "b64_url": "po8",
            "byte_length": 2,
            "dec": "42639",
            "hex": "a68f",
            "id": "po8",
            "keepers": {
              "additional_oauth_scopes": "",
              "disk_size": "100",
              "disk_type": "pd-standard",
              "enable_secure_boot": "false",
              "initial_node_count": "1",
              "labels": "{}",
              "machine_type": "n1-standard-4",
              "name": "gke-example-node-pool",
              "region": "us-central1",
              "tags": ""
            },
            "prefix": null
          },
          "sensitive_attributes": [],
          "create_before_destroy": true
        }
      ]
    }
  ]
}
